
Microsoft Visual Studio Solution File, Format Version 12.00
# Visual Studio 14
VisualStudioVersion = 14.0.25420.1
MinimumVisualStudioVersion = 10.0.40219.1
Project("{FAE04EC0-301F-11D3-BF4B-00C04F79EFBC}") = "termites00", "..\CicadaToolkit\Cicada_alpha\cicada00\cicada00\termites00.csproj", "{0E2BBF7A-8D6B-42A4-9C0D-FE960A238F68}"
EndProject
Global
	GlobalSection(SolutionConfigurationPlatforms) = preSolution
		Debug32|Any CPU = Debug32|Any CPU
		Debug64|Any CPU = Debug64|Any CPU
		Release|Any CPU = Release|Any CPU
	EndGlobalSection
	GlobalSection(ProjectConfigurationPlatforms) = postSolution
		{0E2BBF7A-8D6B-42A4-9C0D-FE960A238F68}.Debug32|Any CPU.ActiveCfg = Debug32|Any CPU
		{0E2BBF7A-8D6B-42A4-9C0D-FE960A238F68}.Debug32|Any CPU.Build.0 = Debug32|Any CPU
		{0E2BBF7A-8D6B-42A4-9C0D-FE960A238F68}.Debug64|Any CPU.ActiveCfg = Debug64|Any CPU
		{0E2BBF7A-8D6B-42A4-9C0D-FE960A238F68}.Debug64|Any CPU.Build.0 = Debug64|Any CPU
		{0E2BBF7A-8D6B-42A4-9C0D-FE960A238F68}.Release|Any CPU.ActiveCfg = Release|Any CPU
		{0E2BBF7A-8D6B-42A4-9C0D-FE960A238F68}.Release|Any CPU.Build.0 = Release|Any CPU
	EndGlobalSection
	GlobalSection(SolutionProperties) = preSolution
		HideSolutionNode = FALSE
	EndGlobalSection
EndGlobal
